# THIS IS AN AUTOGENERATED FILE. DO NOT EDIT THIS FILE DIRECTLY.
# yarn lockfile v1


closest@^0.0.1:
  version "0.0.1"
  resolved "https://registry.yarnpkg.com/closest/-/closest-0.0.1.tgz#26da6f80b3e0e17e71f80f12782819e9f653495c"
  integrity sha1-JtpvgLPg4X5x+A8SeCgZ6fZTSVw=
  dependencies:
    matches-selector "0.0.1"

matches-selector@0.0.1:
  version "0.0.1"
  resolved "https://registry.yarnpkg.com/matches-selector/-/matches-selector-0.0.1.tgz#1df5262243ae341c1a0804dd302048267ac713bb"
  integrity sha1-HfUmIkOuNBwaCATdMCBIJnrHE7s=
